
Microsoft Visual Studio Solution File, Format Version 12.00
# Visual Studio Version 17
VisualStudioVersion = 17.7.34003.232
MinimumVisualStudioVersion = 10.0.40219.1
Project("{FAE04EC0-301F-11D3-BF4B-00C04F79EFBC}") = "PZ_9", "PZ_9.csproj", "{5EF32882-EC47-4D9B-8C62-0A04BA1C3391}"
EndProject
Global
	GlobalSection(SolutionConfigurationPlatforms) = preSolution
		Debug|Any CPU = Debug|Any CPU
		Release|Any CPU = Release|Any CPU
	EndGlobalSection
	GlobalSection(ProjectConfigurationPlatforms) = postSolution
		{5EF32882-EC47-4D9B-8C62-0A04BA1C3391}.Debug|Any CPU.ActiveCfg = Debug|Any CPU
		{5EF32882-EC47-4D9B-8C62-0A04BA1C3391}.Debug|Any CPU.Build.0 = Debug|Any CPU
		{5EF32882-EC47-4D9B-8C62-0A04BA1C3391}.Release|Any CPU.ActiveCfg = Release|Any CPU
		{5EF32882-EC47-4D9B-8C62-0A04BA1C3391}.Release|Any CPU.Build.0 = Release|Any CPU
	EndGlobalSection
	GlobalSection(SolutionProperties) = preSolution
		HideSolutionNode = FALSE
	EndGlobalSection
	GlobalSection(ExtensibilityGlobals) = postSolution
		SolutionGuid = {F0ADC85A-5471-41E8-B6A5-8750C1D5D790}
	EndGlobalSection
EndGlobal
